// !$*UTF8*$!
{
	archiveVersion = 1;
	classes = {
	};
	objectVersion = 46;
	objects = {

/* Begin PBXBuildFile section */
		50B203B11B2A10C60020DAD3 /* AppDelegate.swift in Sources */ = {isa = PBXBuildFile; fileRef = 50B203B01B2A10C60020DAD3 /* AppDelegate.swift */; };
		50B203B31B2A10C60020DAD3 /* ViewController.swift in Sources */ = {isa = PBXBuildFile; fileRef = 50B203B21B2A10C60020DAD3 /* ViewController.swift */; };
		50B203B61B2A10C60020DAD3 /* Main.storyboard in Resources */ = {isa = PBXBuildFile; fileRef = 50B203B41B2A10C60020DAD3 /* Main.storyboard */; };
		50B203B81B2A10C60020DAD3 /* Images.xcassets in Resources */ = {isa = PBXBuildFile; fileRef = 50B203B71B2A10C60020DAD3 /* Images.xcassets */; };
		50B203BB1B2A10C60020DAD3 /* LaunchScreen.xib in Resources */ = {isa = PBXBuildFile; fileRef = 50B203B91B2A10C60020DAD3 /* LaunchScreen.xib */; };
		50B203C71B2A10C60020DAD3 /* finalprojectTests.swift in Sources */ = {isa = PBXBuildFile; fileRef = 50B203C61B2A10C60020DAD3 /* finalprojectTests.swift */; };
/* End PBXBuildFile section */

/* Begin PBXContainerItemProxy section */
		50B203C11B2A10C60020DAD3 /* PBXContainerItemProxy */ = {
			isa = PBXContainerItemProxy;
			containerPortal = 50B203A31B2A10C60020DAD3 /* Project object */;
			proxyType = 1;
			remoteGlobalIDString = 50B203AA1B2A10C60020DAD3;
			remoteInfo = finalproject;
		};
/* End PBXContainerItemProxy section */

/* Begin PBXFileReference section */
		50B203AB1B2A10C60020DAD3 /* finalproject.app */ = {isa = PBXFileReference; explicitFileType = wrapper.application; includeInIndex = 0; path = finalproject.app; sourceTree = BUILT_PRODUCTS_DIR; };
		50B203AF1B2A10C60020DAD3 /* Info.plist */ = {isa = PBXFileReference; lastKnownFileType = text.plist.xml; path = Info.plist; sourceTree = "<group>"; };
		50B203B01B2A10C60020DAD3 /* AppDelegate.swift */ = {isa = PBXFileReference; lastKnownFileType = sourcecode.swift; path = AppDelegate.swift; sourceTree = "<group>"; };
		50B203B21B2A10C60020DAD3 /* ViewController.swift */ = {isa = PBXFileReference; lastKnownFileType = sourcecode.swift; path = ViewController.swift; sourceTree = "<group>"; };
		50B203B51B2A10C60020DAD3 /* Base */ = {isa = PBXFileReference; lastKnownFileType = file.storyboard; name = Base; path = Base.lproj/Main.storyboard; sourceTree = "<group>"; };
		50B203B71B2A10C60020DAD3 /* Images.xcassets */ = {isa = PBXFileReference; lastKnownFileType = folder.assetcatalog; path = Images.xcassets; sourceTree = "<group>"; };
		50B203BA1B2A10C60020DAD3 /* Base */ = {isa = PBXFileReference; lastKnownFileType = file.xib; name = Base; path = Base.lproj/LaunchScreen.xib; sourceTree = "<group>"; };
		50B203C01B2A10C60020DAD3 /* finalprojectTests.xctest */ = {isa = PBXFileReference; explicitFileType = wrapper.cfbundle; includeInIndex = 0; path = finalprojectTests.xctest; sourceTree = BUILT_PRODUCTS_DIR; };
		50B203C51B2A10C60020DAD3 /* Info.plist */ = {isa = PBXFileReference; lastKnownFileType = text.plist.xml; path = Info.plist; sourceTree = "<group>"; };
		50B203C61B2A10C60020DAD3 /* finalprojectTests.swift */ = {isa = PBXFileReference; lastKnownFileType = sourcecode.swift; path = finalprojectTests.swift; sourceTree = "<group>"; };
/* End PBXFileReference section */

/* Begin PBXFrameworksBuildPhase section */
		50B203A81B2A10C60020DAD3 /* Frameworks */ = {
			isa = PBXFrameworksBuildPhase;
			buildActionMask = 2147483647;
			files = (
			);
			runOnlyForDeploymentPostprocessing = 0;
		};
		50B203BD1B2A10C60020DAD3 /* Frameworks */ = {
			isa = PBXFrameworksBuildPhase;
			buildActionMask = 2147483647;
			files = (
			);
			runOnlyForDeploymentPostprocessing = 0;
		};
/* End PBXFrameworksBuildPhase section */

/* Begin PBXGroup section */
		50B203A21B2A10C60020DAD3 = {
			isa = PBXGroup;
			children = (
				50B203AD1B2A10C60020DAD3 /* finalproject */,
				50B203C31B2A10C60020DAD3 /* finalprojectTests */,
				50B203AC1B2A10C60020DAD3 /* Products */,
			);
			sourceTree = "<group>";
		};
		50B203AC1B2A10C60020DAD3 /* Products */ = {
			isa = PBXGroup;
			children = (
				50B203AB1B2A10C60020DAD3 /* finalproject.app */,
				50B203C01B2A10C60020DAD3 /* finalprojectTests.xctest */,
			);
			name = Products;
			sourceTree = "<group>";
		};
		50B203AD1B2A10C60020DAD3 /* finalproject */ = {
			isa = PBXGroup;
			children = (
				50B203B01B2A10C60020DAD3 /* AppDelegate.swift */,
				50B203B21B2A10C60020DAD3 /* ViewController.swift */,
				50B203B41B2A10C60020DAD3 /* Main.storyboard */,
				50B203B71B2A10C60020DAD3 /* Images.xcassets */,
				50B203B91B2A10C60020DAD3 /* LaunchScreen.xib */,
				50B203AE1B2A10C60020DAD3 /* Supporting Files */,
			);
			path = finalproject;
			sourceTree = "<group>";
		};
		50B203AE1B2A10C60020DAD3 /* Supporting Files */ = {
			isa = PBXGroup;
			children = (
				50B203AF1B2A10C60020DAD3 /* Info.plist */,
			);
			name = "Supporting Files";
			sourceTree = "<group>";
		};
		50B203C31B2A10C60020DAD3 /* finalprojectTests */ = {
			isa = PBXGroup;
			children = (
				50B203C61B2A10C60020DAD3 /* finalprojectTests.swift */,
				50B203C41B2A10C60020DAD3 /* Supporting Files */,
			);
			path = finalprojectTests;
			sourceTree = "<group>";
		};
		50B203C41B2A10C60020DAD3 /* Supporting Files */ = {
			isa = PBXGroup;
			children = (
				50B203C51B2A10C60020DAD3 /* Info.plist */,
			);
			name = "Supporting Files";
			sourceTree = "<group>";
		};
/* End PBXGroup section */

/* Begin PBXNativeTarget section */
		50B203AA1B2A10C60020DAD3 /* finalproject */ = {
			isa = PBXNativeTarget;
			buildConfigurationList = 50B203CA1B2A10C60020DAD3 /* Build configuration list for PBXNativeTarget "finalproject" */;
			buildPhases = (
				50B203A71B2A10C60020DAD3 /* Sources */,
				50B203A81B2A10C60020DAD3 /* Frameworks */,
				50B203A91B2A10C60020DAD3 /* Resources */,
			);
			buildRules = (
			);
			dependencies = (
			);
			name = finalproject;
			productName = finalproject;
			productReference = 50B203AB1B2A10C60020DAD3 /* finalproject.app */;
			productType = "com.apple.product-type.application";
		};
		50B203BF1B2A10C60020DAD3 /* finalprojectTests */ = {
			isa = PBXNativeTarget;
			buildConfigurationList = 50B203CD1B2A10C60020DAD3 /* Build configuration list for PBXNativeTarget "finalprojectTests" */;
			buildPhases = (
				50B203BC1B2A10C60020DAD3 /* Sources */,
				50B203BD1B2A10C60020DAD3 /* Frameworks */,
				50B203BE1B2A10C60020DAD3 /* Resources */,
			);
			buildRules = (
			);
			dependencies = (
				50B203C21B2A10C60020DAD3 /* PBXTargetDependency */,
			);
			name = finalprojectTests;
			productName = finalprojectTests;
			productReference = 50B203C01B2A10C60020DAD3 /* finalprojectTests.xctest */;
			productType = "com.apple.product-type.bundle.unit-test";
		};
/* End PBXNativeTarget section */

/* Begin PBXProject section */
		50B203A31B2A10C60020DAD3 /* Project object */ = {
			isa = PBXProject;
			attributes = {
				LastUpgradeCheck = 0610;
				ORGANIZATIONNAME = "Tai Huu Ho";
				TargetAttributes = {
					50B203AA1B2A10C60020DAD3 = {
						CreatedOnToolsVersion = 6.1;
					};
					50B203BF1B2A10C60020DAD3 = {
						CreatedOnToolsVersion = 6.1;
						TestTargetID = 50B203AA1B2A10C60020DAD3;
					};
				};
			};
			buildConfigurationList = 50B203A61B2A10C60020DAD3 /* Build configuration list for PBXProject "finalproject" */;
			compatibilityVersion = "Xcode 3.2";
			developmentRegion = English;
			hasScannedForEncodings = 0;
			knownRegions = (
				en,
				Base,
			);
			mainGroup = 50B203A21B2A10C60020DAD3;
			productRefGroup = 50B203AC1B2A10C60020DAD3 /* Products */;
			projectDirPath = "";
			projectRoot = "";
			targets = (
				50B203AA1B2A10C60020DAD3 /* finalproject */,
				50B203BF1B2A10C60020DAD3 /* finalprojectTests */,
			);
		};
/* End PBXProject section */

/* Begin PBXResourcesBuildPhase section */
		50B203A91B2A10C60020DAD3 /* Resources */ = {
			isa = PBXResourcesBuildPhase;
			buildActionMask = 2147483647;
			files = (
				50B203B61B2A10C60020DAD3 /* Main.storyboard in Resources */,
				50B203BB1B2A10C60020DAD3 /* LaunchScreen.xib in Resources */,
				50B203B81B2A10C60020DAD3 /* Images.xcassets in Resources */,
			);
			runOnlyForDeploymentPostprocessing = 0;
		};
		50B203BE1B2A10C60020DAD3 /* Resources */ = {
			isa = PBXResourcesBuildPhase;
			buildActionMask = 2147483647;
			files = (
			);
			runOnlyForDeploymentPostprocessing = 0;
		};
/* End PBXResourcesBuildPhase section */

/* Begin PBXSourcesBuildPhase section */
		50B203A71B2A10C60020DAD3 /* Sources */ = {
			isa = PBXSourcesBuildPhase;
			buildActionMask = 2147483647;
			files = (
				50B203B31B2A10C60020DAD3 /* ViewController.swift in Sources */,
				50B203B11B2A10C60020DAD3 /* AppDelegate.swift in Sources */,
			);
			runOnlyForDeploymentPostprocessing = 0;
		};
		50B203BC1B2A10C60020DAD3 /* Sources */ = {
			isa = PBXSourcesBuildPhase;
			buildActionMask = 2147483647;
			files = (
				50B203C71B2A10C60020DAD3 /* finalprojectTests.swift in Sources */,
			);
			runOnlyForDeploymentPostprocessing = 0;
		};
/* End PBXSourcesBuildPhase section */

/* Begin PBXTargetDependency section */
		50B203C21B2A10C60020DAD3 /* PBXTargetDependency */ = {
			isa = PBXTargetDependency;
			target = 50B203AA1B2A10C60020DAD3 /* finalproject */;
			targetProxy = 50B203C11B2A10C60020DAD3 /* PBXContainerItemProxy */;
		};
/* End PBXTargetDependency section */

/* Begin PBXVariantGroup section */
		50B203B41B2A10C60020DAD3 /* Main.storyboard */ = {
			isa = PBXVariantGroup;
			children = (
				50B203B51B2A10C60020DAD3 /* Base */,
			);
			name = Main.storyboard;
			sourceTree = "<group>";
		};
		50B203B91B2A10C60020DAD3 /* LaunchScreen.xib */ = {
			isa = PBXVariantGroup;
			children = (
				50B203BA1B2A10C60020DAD3 /* Base */,
			);
			name = LaunchScreen.xib;
			sourceTree = "<group>";
		};
/* End PBXVariantGroup section */

/* Begin XCBuildConfiguration section */
		50B203C81B2A10C60020DAD3 /* Debug */ = {
			isa = XCBuildConfiguration;
			buildSettings = {
				ALWAYS_SEARCH_USER_PATHS = NO;
				CLANG_CXX_LANGUAGE_STANDARD = "gnu++0x";
				CLANG_CXX_LIBRARY = "libc++";
				CLANG_ENABLE_MODULES = YES;
				CLANG_ENABLE_OBJC_ARC = YES;
				CLANG_WARN_BOOL_CONVERSION = YES;
				CLANG_WARN_CONSTANT_CONVERSION = YES;
				CLANG_WARN_DIRECT_OBJC_ISA_USAGE = YES_ERROR;
				CLANG_WARN_EMPTY_BODY = YES;
				CLANG_WARN_ENUM_CONVERSION = YES;
				CLANG_WARN_INT_CONVERSION = YES;
				CLANG_WARN_OBJC_ROOT_CLASS = YES_ERROR;
				CLANG_WARN_UNREACHABLE_CODE = YES;
				CLANG_WARN__DUPLICATE_METHOD_MATCH = YES;
				"CODE_SIGN_IDENTITY[sdk=iphoneos*]" = "iPhone Developer";
				COPY_PHASE_STRIP = NO;
				ENABLE_STRICT_OBJC_MSGSEND = YES;
				GCC_C_LANGUAGE_STANDARD = gnu99;
				GCC_DYNAMIC_NO_PIC = NO;
				GCC_OPTIMIZATION_LEVEL = 0;
				GCC_PREPROCESSOR_DEFINITIONS = (
					"DEBUG=1",
					"$(inherited)",
				);
				GCC_SYMBOLS_PRIVATE_EXTERN = NO;
				GCC_WARN_64_TO_32_BIT_CONVERSION = YES;
				GCC_WARN_ABOUT_RETURN_TYPE = YES_ERROR;
				GCC_WARN_UNDECLARED_SELECTOR = YES;
				GCC_WARN_UNINITIALIZED_AUTOS = YES_AGGRESSIVE;
				GCC_WARN_UNUSED_FUNCTION = YES;
				GCC_WARN_UNUSED_VARIABLE = YES;
				IPHONEOS_DEPLOYMENT_TARGET = 8.1;
				MTL_ENABLE_DEBUG_INFO = YES;
				ONLY_ACTIVE_ARCH = YES;
				SDKROOT = iphoneos;
				SWIFT_OPTIMIZATION_LEVEL = "-Onone";
				TARGETED_DEVICE_FAMILY = "1,2";
			};
			name = Debug;
		};
		50B203C91B2A10C60020DAD3 /* Release */ = {
			isa = XCBuildConfiguration;
			buildSettings = {
				ALWAYS_SEARCH_USER_PATHS = NO;
				CLANG_CXX_LANGUAGE_STANDARD = "gnu++0x";
				CLANG_CXX_LIBRARY = "libc++";
				CLANG_ENABLE_MODULES = YES;
				CLANG_ENABLE_OBJC_ARC = YES;
				CLANG_WARN_BOOL_CONVERSION = YES;
				CLANG_WARN_CONSTANT_CONVERSION = YES;
				CLANG_WARN_DIRECT_OBJC_ISA_USAGE = YES_ERROR;
				CLANG_WARN_EMPTY_BODY = YES;
				CLANG_WARN_ENUM_CONVERSION = YES;
				CLANG_WARN_INT_CONVERSION = YES;
				CLANG_WARN_OBJC_ROOT_CLASS = YES_ERROR;
				CLANG_WARN_UNREACHABLE_CODE = YES;
				CLANG_WARN__DUPLICATE_METHOD_MATCH = YES;
				"CODE_SIGN_IDENTITY[sdk=iphoneos*]" = "iPhone Developer";
				COPY_PHASE_STRIP = YES;
				ENABLE_NS_ASSERTIONS = NO;
				ENABLE_STRICT_OBJC_MSGSEND = YES;
				GCC_C_LANGUAGE_STANDARD = gnu99;
				GCC_WARN_64_TO_32_BIT_CONVERSION = YES;
				GCC_WARN_ABOUT_RETURN_TYPE = YES_ERROR;
				GCC_WARN_UNDECLARED_SELECTOR = YES;
				GCC_WARN_UNINITIALIZED_AUTOS = YES_AGGRESSIVE;
				GCC_WARN_UNUSED_FUNCTION = YES;
				GCC_WARN_UNUSED_VARIABLE = YES;
				IPHONEOS_DEPLOYMENT_TARGET = 8.1;
				MTL_ENABLE_DEBUG_INFO = NO;
				SDKROOT = iphoneos;
				TARGETED_DEVICE_FAMILY = "1,2";
				VALIDATE_PRODUCT = YES;
			};
			name = Release;
		};
		50B203CB1B2A10C60020DAD3 /* Debug */ = {
			isa = XCBuildConfiguration;
			buildSettings = {
				ASSETCATALOG_COMPILER_APPICON_NAME = AppIcon;
				INFOPLIST_FILE = finalproject/Info.plist;
				LD_RUNPATH_SEARCH_PATHS = "$(inherited) @executable_path/Frameworks";
				PRODUCT_NAME = "$(TARGET_NAME)";
			};
			name = Debug;
		};
		50B203CC1B2A10C60020DAD3 /* Release */ = {
			isa = XCBuildConfiguration;
			buildSettings = {
				ASSETCATALOG_COMPILER_APPICON_NAME = AppIcon;
				INFOPLIST_FILE = finalproject/Info.plist;
				LD_RUNPATH_SEARCH_PATHS = "$(inherited) @executable_path/Frameworks";
				PRODUCT_NAME = "$(TARGET_NAME)";
			};
			name = Release;
		};
		50B203CE1B2A10C60020DAD3 /* Debug */ = {
			isa = XCBuildConfiguration;
			buildSettings = {
				BUNDLE_LOADER = "$(TEST_HOST)";
				FRAMEWORK_SEARCH_PATHS = (
					"$(SDKROOT)/Developer/Library/Frameworks",
					"$(inherited)",
				);
				GCC_PREPROCESSOR_DEFINITIONS = (
					"DEBUG=1",
					"$(inherited)",
				);
				INFOPLIST_FILE = finalprojectTests/Info.plist;
				LD_RUNPATH_SEARCH_PATHS = "$(inherited) @executable_path/Frameworks @loader_path/Frameworks";
				PRODUCT_NAME = "$(TARGET_NAME)";
				TEST_HOST = "$(BUILT_PRODUCTS_DIR)/finalproject.app/finalproject";
			};
			name = Debug;
		};
		50B203CF1B2A10C60020DAD3 /* Release */ = {
			isa = XCBuildConfiguration;
			buildSettings = {
				BUNDLE_LOADER = "$(TEST_HOST)";
				FRAMEWORK_SEARCH_PATHS = (
					"$(SDKROOT)/Developer/Library/Frameworks",
					"$(inherited)",
				);
				INFOPLIST_FILE = finalprojectTests/Info.plist;
				LD_RUNPATH_SEARCH_PATHS = "$(inherited) @executable_path/Frameworks @loader_path/Frameworks";
				PRODUCT_NAME = "$(TARGET_NAME)";
				TEST_HOST = "$(BUILT_PRODUCTS_DIR)/finalproject.app/finalproject";
			};
			name = Release;
		};
/* End XCBuildConfiguration section */

/* Begin XCConfigurationList section */
		50B203A61B2A10C60020DAD3 /* Build configuration list for PBXProject "finalproject" */ = {
			isa = XCConfigurationList;
			buildConfigurations = (
				50B203C81B2A10C60020DAD3 /* Debug */,
				50B203C91B2A10C60020DAD3 /* Release */,
			);
			defaultConfigurationIsVisible = 0;
			defaultConfigurationName = Release;
		};
		50B203CA1B2A10C60020DAD3 /* Build configuration list for PBXNativeTarget "finalproject" */ = {
			isa = XCConfigurationList;
			buildConfigurations = (
				50B203CB1B2A10C60020DAD3 /* Debug */,
				50B203CC1B2A10C60020DAD3 /* Release */,
			);
			defaultConfigurationIsVisible = 0;
		};
		50B203CD1B2A10C60020DAD3 /* Build configuration list for PBXNativeTarget "finalprojectTests" */ = {
			isa = XCConfigurationList;
			buildConfigurations = (
				50B203CE1B2A10C60020DAD3 /* Debug */,
				50B203CF1B2A10C60020DAD3 /* Release */,
			);
			defaultConfigurationIsVisible = 0;
		};
/* End XCConfigurationList section */
	};
	rootObject = 50B203A31B2A10C60020DAD3 /* Project object */;
}
